
Microsoft Visual Studio Solution File, Format Version 12.00
# Visual Studio 14
VisualStudioVersion = 14.0.25420.1
MinimumVisualStudioVersion = 10.0.40219.1
Project("{FAE04EC0-301F-11D3-BF4B-00C04F79EFBC}") = "OAuth2.Core", "OAuth2.Core\OAuth2.Core.csproj", "{617D23D5-A6D4-45FE-AD55-BAA980FBE756}"
EndProject
Project("{FAE04EC0-301F-11D3-BF4B-00C04F79EFBC}") = "OAuth2.Providers", "OAuth2.Providers\OAuth2.Providers.csproj", "{7425B6C6-61DF-4C55-9688-AD365A8415BD}"
EndProject
Project("{2150E333-8FDC-42A3-9474-1A3956D46DE8}") = "src", "src", "{BF101154-7D5A-434B-908A-02AE9A6A09B7}"
EndProject
Project("{2150E333-8FDC-42A3-9474-1A3956D46DE8}") = "tests", "tests", "{DA7EEE2D-CF22-4FA6-8416-A43BCF24A13E}"
EndProject
Project("{FAE04EC0-301F-11D3-BF4B-00C04F79EFBC}") = "OAuth2.Core.Tests", "OAuth2.Core.Tests\OAuth2.Core.Tests.csproj", "{C27ED9D7-A73A-43D7-96A3-5628ACF800AC}"
EndProject
Project("{FAE04EC0-301F-11D3-BF4B-00C04F79EFBC}") = "OAuth2.Providers.Tests", "OAuth2.Providers.Tests\OAuth2.Providers.Tests.csproj", "{40A8E132-2493-4537-ADEF-26063EC76E56}"
EndProject
Project("{FAE04EC0-301F-11D3-BF4B-00C04F79EFBC}") = "Techamante.Base", "Techamante\Techamante.Base\Techamante.Base.csproj", "{090AD483-A802-433E-B9ED-13329654A11B}"
EndProject
Global
	GlobalSection(SolutionConfigurationPlatforms) = preSolution
		Debug|Any CPU = Debug|Any CPU
		Release|Any CPU = Release|Any CPU
	EndGlobalSection
	GlobalSection(ProjectConfigurationPlatforms) = postSolution
		{617D23D5-A6D4-45FE-AD55-BAA980FBE756}.Debug|Any CPU.ActiveCfg = Debug|Any CPU
		{617D23D5-A6D4-45FE-AD55-BAA980FBE756}.Debug|Any CPU.Build.0 = Debug|Any CPU
		{617D23D5-A6D4-45FE-AD55-BAA980FBE756}.Release|Any CPU.ActiveCfg = Release|Any CPU
		{617D23D5-A6D4-45FE-AD55-BAA980FBE756}.Release|Any CPU.Build.0 = Release|Any CPU
		{7425B6C6-61DF-4C55-9688-AD365A8415BD}.Debug|Any CPU.ActiveCfg = Debug|Any CPU
		{7425B6C6-61DF-4C55-9688-AD365A8415BD}.Debug|Any CPU.Build.0 = Debug|Any CPU
		{7425B6C6-61DF-4C55-9688-AD365A8415BD}.Release|Any CPU.ActiveCfg = Release|Any CPU
		{7425B6C6-61DF-4C55-9688-AD365A8415BD}.Release|Any CPU.Build.0 = Release|Any CPU
		{C27ED9D7-A73A-43D7-96A3-5628ACF800AC}.Debug|Any CPU.ActiveCfg = Debug|Any CPU
		{C27ED9D7-A73A-43D7-96A3-5628ACF800AC}.Debug|Any CPU.Build.0 = Debug|Any CPU
		{C27ED9D7-A73A-43D7-96A3-5628ACF800AC}.Release|Any CPU.ActiveCfg = Release|Any CPU
		{C27ED9D7-A73A-43D7-96A3-5628ACF800AC}.Release|Any CPU.Build.0 = Release|Any CPU
		{40A8E132-2493-4537-ADEF-26063EC76E56}.Debug|Any CPU.ActiveCfg = Debug|Any CPU
		{40A8E132-2493-4537-ADEF-26063EC76E56}.Debug|Any CPU.Build.0 = Debug|Any CPU
		{40A8E132-2493-4537-ADEF-26063EC76E56}.Release|Any CPU.ActiveCfg = Release|Any CPU
		{40A8E132-2493-4537-ADEF-26063EC76E56}.Release|Any CPU.Build.0 = Release|Any CPU
		{090AD483-A802-433E-B9ED-13329654A11B}.Debug|Any CPU.ActiveCfg = Debug|Any CPU
		{090AD483-A802-433E-B9ED-13329654A11B}.Debug|Any CPU.Build.0 = Debug|Any CPU
		{090AD483-A802-433E-B9ED-13329654A11B}.Release|Any CPU.ActiveCfg = Release|Any CPU
		{090AD483-A802-433E-B9ED-13329654A11B}.Release|Any CPU.Build.0 = Release|Any CPU
	EndGlobalSection
	GlobalSection(SolutionProperties) = preSolution
		HideSolutionNode = FALSE
	EndGlobalSection
	GlobalSection(NestedProjects) = preSolution
		{617D23D5-A6D4-45FE-AD55-BAA980FBE756} = {BF101154-7D5A-434B-908A-02AE9A6A09B7}
		{7425B6C6-61DF-4C55-9688-AD365A8415BD} = {BF101154-7D5A-434B-908A-02AE9A6A09B7}
		{C27ED9D7-A73A-43D7-96A3-5628ACF800AC} = {DA7EEE2D-CF22-4FA6-8416-A43BCF24A13E}
		{40A8E132-2493-4537-ADEF-26063EC76E56} = {DA7EEE2D-CF22-4FA6-8416-A43BCF24A13E}
		{090AD483-A802-433E-B9ED-13329654A11B} = {BF101154-7D5A-434B-908A-02AE9A6A09B7}
	EndGlobalSection
EndGlobal
